
Microsoft Visual Studio Solution File, Format Version 12.00
# Visual Studio 15
VisualStudioVersion = 15.0.26430.12
MinimumVisualStudioVersion = 10.0.40219.1
Project("{FAE04EC0-301F-11D3-BF4B-00C04F79EFBC}") = "Core", "Core\Core.csproj", "{F2EA5921-4B93-4625-8E63-BC925AF4244A}"
EndProject
Project("{FAE04EC0-301F-11D3-BF4B-00C04F79EFBC}") = "Controls", "Controls\Controls.csproj", "{BD6EC8A1-AFDF-4EEA-BCEF-5925D8F8F7CD}"
EndProject
Project("{FAE04EC0-301F-11D3-BF4B-00C04F79EFBC}") = "RLCCalculator", "RLCCalculator\RLCCalculator.csproj", "{FFA21F7C-C2AC-4414-AF59-5081419AE583}"
EndProject
Project("{FAE04EC0-301F-11D3-BF4B-00C04F79EFBC}") = "Tools", "Tools\Tools.csproj", "{54C32793-D344-4871-BDD0-B33DFAA54D7B}"
EndProject
Project("{FAE04EC0-301F-11D3-BF4B-00C04F79EFBC}") = "RLCLite", "RLCLite\RLCLite.csproj", "{84E441D0-8E8F-46F0-ABAD-26A922E9B11D}"
EndProject
Global
	GlobalSection(SolutionConfigurationPlatforms) = preSolution
		Debug|Any CPU = Debug|Any CPU
		Release|Any CPU = Release|Any CPU
	EndGlobalSection
	GlobalSection(ProjectConfigurationPlatforms) = postSolution
		{F2EA5921-4B93-4625-8E63-BC925AF4244A}.Debug|Any CPU.ActiveCfg = Debug|Any CPU
		{F2EA5921-4B93-4625-8E63-BC925AF4244A}.Debug|Any CPU.Build.0 = Debug|Any CPU
		{F2EA5921-4B93-4625-8E63-BC925AF4244A}.Release|Any CPU.ActiveCfg = Release|Any CPU
		{F2EA5921-4B93-4625-8E63-BC925AF4244A}.Release|Any CPU.Build.0 = Release|Any CPU
		{BD6EC8A1-AFDF-4EEA-BCEF-5925D8F8F7CD}.Debug|Any CPU.ActiveCfg = Debug|Any CPU
		{BD6EC8A1-AFDF-4EEA-BCEF-5925D8F8F7CD}.Debug|Any CPU.Build.0 = Debug|Any CPU
		{BD6EC8A1-AFDF-4EEA-BCEF-5925D8F8F7CD}.Release|Any CPU.ActiveCfg = Release|Any CPU
		{BD6EC8A1-AFDF-4EEA-BCEF-5925D8F8F7CD}.Release|Any CPU.Build.0 = Release|Any CPU
		{FFA21F7C-C2AC-4414-AF59-5081419AE583}.Debug|Any CPU.ActiveCfg = Debug|Any CPU
		{FFA21F7C-C2AC-4414-AF59-5081419AE583}.Debug|Any CPU.Build.0 = Debug|Any CPU
		{FFA21F7C-C2AC-4414-AF59-5081419AE583}.Release|Any CPU.ActiveCfg = Release|Any CPU
		{FFA21F7C-C2AC-4414-AF59-5081419AE583}.Release|Any CPU.Build.0 = Release|Any CPU
		{54C32793-D344-4871-BDD0-B33DFAA54D7B}.Debug|Any CPU.ActiveCfg = Debug|Any CPU
		{54C32793-D344-4871-BDD0-B33DFAA54D7B}.Debug|Any CPU.Build.0 = Debug|Any CPU
		{54C32793-D344-4871-BDD0-B33DFAA54D7B}.Release|Any CPU.ActiveCfg = Release|Any CPU
		{54C32793-D344-4871-BDD0-B33DFAA54D7B}.Release|Any CPU.Build.0 = Release|Any CPU
		{84E441D0-8E8F-46F0-ABAD-26A922E9B11D}.Debug|Any CPU.ActiveCfg = Debug|Any CPU
		{84E441D0-8E8F-46F0-ABAD-26A922E9B11D}.Debug|Any CPU.Build.0 = Debug|Any CPU
		{84E441D0-8E8F-46F0-ABAD-26A922E9B11D}.Release|Any CPU.ActiveCfg = Release|Any CPU
		{84E441D0-8E8F-46F0-ABAD-26A922E9B11D}.Release|Any CPU.Build.0 = Release|Any CPU
	EndGlobalSection
	GlobalSection(SolutionProperties) = preSolution
		HideSolutionNode = FALSE
	EndGlobalSection
EndGlobal
