
Microsoft Visual Studio Solution File, Format Version 12.00
# Visual Studio 15
VisualStudioVersion = 15.0.26403.7
MinimumVisualStudioVersion = 10.0.40219.1
Project("{FAE04EC0-301F-11D3-BF4B-00C04F79EFBC}") = "Core", "Core\Core.csproj", "{F2EA5921-4B93-4625-8E63-BC925AF4244A}"
EndProject
Project("{FAE04EC0-301F-11D3-BF4B-00C04F79EFBC}") = "RLCGui", "RLCGui\RLCGui.csproj", "{8D0F5590-A605-4975-A644-38B75882ADBF}"
EndProject
Project("{FAE04EC0-301F-11D3-BF4B-00C04F79EFBC}") = "RLCControls", "RLCControls\RLCControls.csproj", "{716951AE-6B83-4AE2-8B23-43CAFC063C9E}"
EndProject
Global
	GlobalSection(SolutionConfigurationPlatforms) = preSolution
		Debug|Any CPU = Debug|Any CPU
		Release|Any CPU = Release|Any CPU
	EndGlobalSection
	GlobalSection(ProjectConfigurationPlatforms) = postSolution
		{F2EA5921-4B93-4625-8E63-BC925AF4244A}.Debug|Any CPU.ActiveCfg = Debug|Any CPU
		{F2EA5921-4B93-4625-8E63-BC925AF4244A}.Debug|Any CPU.Build.0 = Debug|Any CPU
		{F2EA5921-4B93-4625-8E63-BC925AF4244A}.Release|Any CPU.ActiveCfg = Release|Any CPU
		{F2EA5921-4B93-4625-8E63-BC925AF4244A}.Release|Any CPU.Build.0 = Release|Any CPU
		{8D0F5590-A605-4975-A644-38B75882ADBF}.Debug|Any CPU.ActiveCfg = Debug|Any CPU
		{8D0F5590-A605-4975-A644-38B75882ADBF}.Debug|Any CPU.Build.0 = Debug|Any CPU
		{8D0F5590-A605-4975-A644-38B75882ADBF}.Release|Any CPU.ActiveCfg = Release|Any CPU
		{8D0F5590-A605-4975-A644-38B75882ADBF}.Release|Any CPU.Build.0 = Release|Any CPU
		{716951AE-6B83-4AE2-8B23-43CAFC063C9E}.Debug|Any CPU.ActiveCfg = Debug|Any CPU
		{716951AE-6B83-4AE2-8B23-43CAFC063C9E}.Debug|Any CPU.Build.0 = Debug|Any CPU
		{716951AE-6B83-4AE2-8B23-43CAFC063C9E}.Release|Any CPU.ActiveCfg = Release|Any CPU
		{716951AE-6B83-4AE2-8B23-43CAFC063C9E}.Release|Any CPU.Build.0 = Release|Any CPU
	EndGlobalSection
	GlobalSection(SolutionProperties) = preSolution
		HideSolutionNode = FALSE
	EndGlobalSection
EndGlobal
